{
  "pins" : [
    {
      "identity" : "pizzamacros",
      "kind" : "remoteSourceControl",
      "location" : "https://github.com/mredig/PizzaMacros.git",
      "state" : {
        "revision" : "d34bc3ca355b8d2b2a0d4cd6d3186d42cfbb6811",
        "version" : "0.1.0"
      }
    },
    {
      "identity" : "swift-argument-parser",
      "kind" : "remoteSourceControl",
      "location" : "https://github.com/apple/swift-argument-parser.git",
      "state" : {
        "revision" : "fee6933f37fde9a5e12a1e4aeaa93fe60116ff2a",
        "version" : "1.2.2"
      }
    },
    {
      "identity" : "swift-syntax",
      "kind" : "remoteSourceControl",
      "location" : "https://github.com/apple/swift-syntax.git",
      "state" : {
        "revision" : "6ad4ea24b01559dde0773e3d091f1b9e36175036",
        "version" : "509.0.2"
      }
    },
    {
      "identity" : "swiftpizzasnips",
      "kind" : "remoteSourceControl",
      "location" : "https://github.com/mredig/SwiftPizzaSnips.git",
      "state" : {
        "revision" : "0422023f349999942813a948fbafb2540100f08c",
        "version" : "0.2.17"
      }
    },
    {
      "identity" : "xmlcoder",
      "kind" : "remoteSourceControl",
      "location" : "https://github.com/CoreOffice/XMLCoder.git",
      "state" : {
        "revision" : "b1e944cbd0ef33787b13f639a5418d55b3bed501",
        "version" : "0.17.1"
      }
    }
  ],
  "version" : 2
}
